<Solution>
  <Folder Name="/Solution Items/">
    <File Path=".editorconfig" />
    <File Path="CLAUDE.md" />
    <File Path="Directory.Build.props" />
    <File Path="Directory.Packages.props" />
    <File Path="prd.md" />
  </Folder>
  <Folder Name="/src/">
    <Project Path="src/Aurora.Flowboard.AppHost/Aurora.Flowboard.AppHost.csproj" Id="30a6b5fc-da71-4a00-a900-20734dc53198" />
    <Project Path="src/Aurora.Flowboard.ServiceDefaults/Aurora.Flowboard.ServiceDefaults.csproj" />
    <Project Path="src/Aurora.Flowboard.Api/Aurora.Flowboard.Api.csproj" Id="ccec241c-1512-40d8-bb01-ec30b19c71e6" />
    <Project Path="src/Aurora.Flowboard.Application/Aurora.Flowboard.Application.csproj" Id="66158506-055e-4cba-aba9-05643458ce54" />
    <Project Path="src/Aurora.Flowboard.Domain/Aurora.Flowboard.Domain.csproj" Id="aea0812f-164a-4827-9ef1-af2c3ad6b13e" />
    <Project Path="src/Aurora.Flowboard.Infrastructure/Aurora.Flowboard.Infrastructure.csproj" Id="c7d83e12-9f41-4b18-b2d6-3e5a1c7f8e90" />
  </Folder>
  <Folder Name="/test/">
    <Project Path="test/Aurora.Flowboard.Application.UnitTests/Aurora.Flowboard.Application.UnitTests.csproj" Id="509e869c-f6ee-480d-a058-a3d7a6ee51bd" />
    <Project Path="test/Aurora.Flowboard.Domain.UnitTests/Aurora.Flowboard.Domain.UnitTests.csproj" Id="b3f92c1e-4d87-4a56-9c3e-1f0e8a2b5d74" />
  </Folder>
</Solution>
